
Microsoft Visual Studio Solution File, Format Version 12.00
# Visual Studio 15
VisualStudioVersion = 15.0.28010.2003
MinimumVisualStudioVersion = 10.0.40219.1
Project("{FAE04EC0-301F-11D3-BF4B-00C04F79EFBC}") = "PMY.Common", "PMY.Common\PMY.Common.csproj", "{F400FB22-E8C7-4011-AE2E-B7CDDE137FC0}"
EndProject
Project("{FAE04EC0-301F-11D3-BF4B-00C04F79EFBC}") = "PMY.CommonUnity", "PMY.CommonUnity\PMY.CommonUnity.csproj", "{1764B250-22B9-41FF-A1A8-5BD2287834EF}"
EndProject
Project("{FAE04EC0-301F-11D3-BF4B-00C04F79EFBC}") = "PMY.Test", "PMY.Test\PMY.Test.csproj", "{7E74A0E0-ECF0-4CF1-821F-E4D60C6A2E0D}"
EndProject
Global
	GlobalSection(SolutionConfigurationPlatforms) = preSolution
		Debug|Any CPU = Debug|Any CPU
		Release|Any CPU = Release|Any CPU
	EndGlobalSection
	GlobalSection(ProjectConfigurationPlatforms) = postSolution
		{F400FB22-E8C7-4011-AE2E-B7CDDE137FC0}.Debug|Any CPU.ActiveCfg = Debug|Any CPU
		{F400FB22-E8C7-4011-AE2E-B7CDDE137FC0}.Debug|Any CPU.Build.0 = Debug|Any CPU
		{F400FB22-E8C7-4011-AE2E-B7CDDE137FC0}.Release|Any CPU.ActiveCfg = Release|Any CPU
		{F400FB22-E8C7-4011-AE2E-B7CDDE137FC0}.Release|Any CPU.Build.0 = Release|Any CPU
		{1764B250-22B9-41FF-A1A8-5BD2287834EF}.Debug|Any CPU.ActiveCfg = Debug|Any CPU
		{1764B250-22B9-41FF-A1A8-5BD2287834EF}.Debug|Any CPU.Build.0 = Debug|Any CPU
		{1764B250-22B9-41FF-A1A8-5BD2287834EF}.Release|Any CPU.ActiveCfg = Release|Any CPU
		{1764B250-22B9-41FF-A1A8-5BD2287834EF}.Release|Any CPU.Build.0 = Release|Any CPU
		{7E74A0E0-ECF0-4CF1-821F-E4D60C6A2E0D}.Debug|Any CPU.ActiveCfg = Debug|Any CPU
		{7E74A0E0-ECF0-4CF1-821F-E4D60C6A2E0D}.Debug|Any CPU.Build.0 = Debug|Any CPU
		{7E74A0E0-ECF0-4CF1-821F-E4D60C6A2E0D}.Release|Any CPU.ActiveCfg = Release|Any CPU
		{7E74A0E0-ECF0-4CF1-821F-E4D60C6A2E0D}.Release|Any CPU.Build.0 = Release|Any CPU
	EndGlobalSection
	GlobalSection(SolutionProperties) = preSolution
		HideSolutionNode = FALSE
	EndGlobalSection
	GlobalSection(ExtensibilityGlobals) = postSolution
		SolutionGuid = {142207B5-5460-4A68-9FAD-D398423BD13B}
	EndGlobalSection
EndGlobal
